
Microsoft Visual Studio Solution File, Format Version 11.00
# Visual Studio 2010
Project("{FAE04EC0-301F-11D3-BF4B-00C04F79EFBC}") = "Assembly-CSharp", "Assembly-CSharp.csproj", "{7CF6C13C-0FBB-0922-F259-F2127171F749}"
EndProject
Project("{FAE04EC0-301F-11D3-BF4B-00C04F79EFBC}") = "Assembly-CSharp-firstpass", "Assembly-CSharp-firstpass.csproj", "{1074D404-D9E7-9B2A-B2B7-A334DBB3EAB1}"
EndProject
Project("{FAE04EC0-301F-11D3-BF4B-00C04F79EFBC}") = "Assembly-CSharp-Editor", "Assembly-CSharp-Editor.csproj", "{2204B1C7-F1F2-329E-8697-C646378ABF23}"
EndProject
Global
	GlobalSection(SolutionConfigurationPlatforms) = preSolution
		Debug|Any CPU = Debug|Any CPU
		Release|Any CPU = Release|Any CPU
	EndGlobalSection
	GlobalSection(ProjectConfigurationPlatforms) = postSolution
		{7CF6C13C-0FBB-0922-F259-F2127171F749}.Debug|Any CPU.ActiveCfg = Debug|Any CPU
		{7CF6C13C-0FBB-0922-F259-F2127171F749}.Debug|Any CPU.Build.0 = Debug|Any CPU
		{7CF6C13C-0FBB-0922-F259-F2127171F749}.Release|Any CPU.ActiveCfg = Release|Any CPU
		{7CF6C13C-0FBB-0922-F259-F2127171F749}.Release|Any CPU.Build.0 = Release|Any CPU
		{1074D404-D9E7-9B2A-B2B7-A334DBB3EAB1}.Debug|Any CPU.ActiveCfg = Debug|Any CPU
		{1074D404-D9E7-9B2A-B2B7-A334DBB3EAB1}.Debug|Any CPU.Build.0 = Debug|Any CPU
		{1074D404-D9E7-9B2A-B2B7-A334DBB3EAB1}.Release|Any CPU.ActiveCfg = Release|Any CPU
		{1074D404-D9E7-9B2A-B2B7-A334DBB3EAB1}.Release|Any CPU.Build.0 = Release|Any CPU
		{2204B1C7-F1F2-329E-8697-C646378ABF23}.Debug|Any CPU.ActiveCfg = Debug|Any CPU
		{2204B1C7-F1F2-329E-8697-C646378ABF23}.Debug|Any CPU.Build.0 = Debug|Any CPU
		{2204B1C7-F1F2-329E-8697-C646378ABF23}.Release|Any CPU.ActiveCfg = Release|Any CPU
		{2204B1C7-F1F2-329E-8697-C646378ABF23}.Release|Any CPU.Build.0 = Release|Any CPU
	EndGlobalSection
	GlobalSection(SolutionProperties) = preSolution
		HideSolutionNode = FALSE
	EndGlobalSection
EndGlobal
