<?xml version="1.0" encoding="utf-8"?>
<Project ToolsVersion="14.0" xmlns="http://schemas.microsoft.com/developer/msbuild/2003">
  <ItemGroup>
    <Filter Include="Assets">
      <UniqueIdentifier>{e0315cf0-a8d8-48d1-8a82-b4c95841684b}</UniqueIdentifier>
    </Filter>
    <ClCompile Include="App.cpp" />
    <ClInclude Include="App.h" />
    <ClCompile Include="Main.cpp" />
    <AppxManifest Include="Package.appxmanifest" />
    <ClCompile Include="pch.cpp" />
    <ClInclude Include="pch.h" />
    <None Include="WSATestCertificate.pfx" />
    <Filter Include="Assets\Logos">
      <UniqueIdentifier>{4142b798-0ac4-4077-8d76-a345fbac2528}</UniqueIdentifier>
    </Filter>
  </ItemGroup>
  <ItemGroup>
    <Image Include="..\pepeizq%27s Cities\Assets\Logos\SmallTile.scale-100.png">
      <Filter>Assets\Logos</Filter>
    </Image>
    <Image Include="..\pepeizq%27s Cities\Assets\Logos\SmallTile.scale-125.png">
      <Filter>Assets\Logos</Filter>
    </Image>
    <Image Include="..\pepeizq%27s Cities\Assets\Logos\SmallTile.scale-150.png">
      <Filter>Assets\Logos</Filter>
    </Image>
    <Image Include="..\pepeizq%27s Cities\Assets\Logos\SmallTile.scale-200.png">
      <Filter>Assets\Logos</Filter>
    </Image>
    <Image Include="..\pepeizq%27s Cities\Assets\Logos\SmallTile.scale-400.png">
      <Filter>Assets\Logos</Filter>
    </Image>
    <Image Include="..\pepeizq%27s Cities\Assets\Logos\MediumTile.scale-100.png">
      <Filter>Assets\Logos</Filter>
    </Image>
    <Image Include="..\pepeizq%27s Cities\Assets\Logos\MediumTile.scale-125.png">
      <Filter>Assets\Logos</Filter>
    </Image>
    <Image Include="..\pepeizq%27s Cities\Assets\Logos\MediumTile.scale-150.png">
      <Filter>Assets\Logos</Filter>
    </Image>
    <Image Include="..\pepeizq%27s Cities\Assets\Logos\MediumTile.scale-200.png">
      <Filter>Assets\Logos</Filter>
    </Image>
    <Image Include="..\pepeizq%27s Cities\Assets\Logos\MediumTile.scale-400.png">
      <Filter>Assets\Logos</Filter>
    </Image>
    <Image Include="..\pepeizq%27s Cities\Assets\Logos\WideTile.scale-100.png">
      <Filter>Assets\Logos</Filter>
    </Image>
    <Image Include="..\pepeizq%27s Cities\Assets\Logos\WideTile.scale-125.png">
      <Filter>Assets\Logos</Filter>
    </Image>
    <Image Include="..\pepeizq%27s Cities\Assets\Logos\WideTile.scale-150.png">
      <Filter>Assets\Logos</Filter>
    </Image>
    <Image Include="..\pepeizq%27s Cities\Assets\Logos\WideTile.scale-200.png">
      <Filter>Assets\Logos</Filter>
    </Image>
    <Image Include="..\pepeizq%27s Cities\Assets\Logos\WideTile.scale-400.png">
      <Filter>Assets\Logos</Filter>
    </Image>
    <Image Include="..\pepeizq%27s Cities\Assets\Logos\LargeTile.scale-100.png">
      <Filter>Assets\Logos</Filter>
    </Image>
    <Image Include="..\pepeizq%27s Cities\Assets\Logos\LargeTile.scale-125.png">
      <Filter>Assets\Logos</Filter>
    </Image>
    <Image Include="..\pepeizq%27s Cities\Assets\Logos\LargeTile.scale-150.png">
      <Filter>Assets\Logos</Filter>
    </Image>
    <Image Include="..\pepeizq%27s Cities\Assets\Logos\LargeTile.scale-200.png">
      <Filter>Assets\Logos</Filter>
    </Image>
    <Image Include="..\pepeizq%27s Cities\Assets\Logos\LargeTile.scale-400.png">
      <Filter>Assets\Logos</Filter>
    </Image>
    <Image Include="..\pepeizq%27s Cities\Assets\Logos\Square44x44Logo.scale-100.png">
      <Filter>Assets\Logos</Filter>
    </Image>
    <Image Include="..\pepeizq%27s Cities\Assets\Logos\Square44x44Logo.scale-125.png">
      <Filter>Assets\Logos</Filter>
    </Image>
    <Image Include="..\pepeizq%27s Cities\Assets\Logos\Square44x44Logo.scale-150.png">
      <Filter>Assets\Logos</Filter>
    </Image>
    <Image Include="..\pepeizq%27s Cities\Assets\Logos\Square44x44Logo.scale-200.png">
      <Filter>Assets\Logos</Filter>
    </Image>
    <Image Include="..\pepeizq%27s Cities\Assets\Logos\Square44x44Logo.scale-400.png">
      <Filter>Assets\Logos</Filter>
    </Image>
    <Image Include="..\pepeizq%27s Cities\Assets\Logos\Square44x44Logo.targetsize-16.png">
      <Filter>Assets\Logos</Filter>
    </Image>
    <Image Include="..\pepeizq%27s Cities\Assets\Logos\Square44x44Logo.targetsize-24.png">
      <Filter>Assets\Logos</Filter>
    </Image>
    <Image Include="..\pepeizq%27s Cities\Assets\Logos\Square44x44Logo.targetsize-32.png">
      <Filter>Assets\Logos</Filter>
    </Image>
    <Image Include="..\pepeizq%27s Cities\Assets\Logos\Square44x44Logo.targetsize-48.png">
      <Filter>Assets\Logos</Filter>
    </Image>
    <Image Include="..\pepeizq%27s Cities\Assets\Logos\Square44x44Logo.targetsize-256.png">
      <Filter>Assets\Logos</Filter>
    </Image>
    <Image Include="..\pepeizq%27s Cities\Assets\Logos\Square44x44Logo.altform-unplated_targetsize-16.png">
      <Filter>Assets\Logos</Filter>
    </Image>
    <Image Include="..\pepeizq%27s Cities\Assets\Logos\Square44x44Logo.altform-unplated_targetsize-24.png">
      <Filter>Assets\Logos</Filter>
    </Image>
    <Image Include="..\pepeizq%27s Cities\Assets\Logos\Square44x44Logo.altform-unplated_targetsize-32.png">
      <Filter>Assets\Logos</Filter>
    </Image>
    <Image Include="..\pepeizq%27s Cities\Assets\Logos\Square44x44Logo.altform-unplated_targetsize-48.png">
      <Filter>Assets\Logos</Filter>
    </Image>
    <Image Include="..\pepeizq%27s Cities\Assets\Logos\Square44x44Logo.altform-unplated_targetsize-256.png">
      <Filter>Assets\Logos</Filter>
    </Image>
    <Image Include="..\pepeizq%27s Cities\Assets\Logos\SplashScreen.scale-100.png">
      <Filter>Assets\Logos</Filter>
    </Image>
    <Image Include="..\pepeizq%27s Cities\Assets\Logos\SplashScreen.scale-125.png">
      <Filter>Assets\Logos</Filter>
    </Image>
    <Image Include="..\pepeizq%27s Cities\Assets\Logos\SplashScreen.scale-150.png">
      <Filter>Assets\Logos</Filter>
    </Image>
    <Image Include="..\pepeizq%27s Cities\Assets\Logos\SplashScreen.scale-200.png">
      <Filter>Assets\Logos</Filter>
    </Image>
    <Image Include="..\pepeizq%27s Cities\Assets\Logos\SplashScreen.scale-400.png">
      <Filter>Assets\Logos</Filter>
    </Image>
    <Image Include="..\pepeizq%27s Cities\Assets\Logos\BadgeLogo.scale-100.png">
      <Filter>Assets\Logos</Filter>
    </Image>
    <Image Include="..\pepeizq%27s Cities\Assets\Logos\BadgeLogo.scale-125.png">
      <Filter>Assets\Logos</Filter>
    </Image>
    <Image Include="..\pepeizq%27s Cities\Assets\Logos\BadgeLogo.scale-150.png">
      <Filter>Assets\Logos</Filter>
    </Image>
    <Image Include="..\pepeizq%27s Cities\Assets\Logos\BadgeLogo.scale-200.png">
      <Filter>Assets\Logos</Filter>
    </Image>
    <Image Include="..\pepeizq%27s Cities\Assets\Logos\BadgeLogo.scale-400.png">
      <Filter>Assets\Logos</Filter>
    </Image>
    <Image Include="..\pepeizq%27s Cities\Assets\Logos\StoreLogo.scale-100.png">
      <Filter>Assets\Logos</Filter>
    </Image>
    <Image Include="..\pepeizq%27s Cities\Assets\Logos\StoreLogo.scale-125.png">
      <Filter>Assets\Logos</Filter>
    </Image>
    <Image Include="..\pepeizq%27s Cities\Assets\Logos\StoreLogo.scale-150.png">
      <Filter>Assets\Logos</Filter>
    </Image>
    <Image Include="..\pepeizq%27s Cities\Assets\Logos\StoreLogo.scale-200.png">
      <Filter>Assets\Logos</Filter>
    </Image>
    <Image Include="..\pepeizq%27s Cities\Assets\Logos\StoreLogo.scale-400.png">
      <Filter>Assets\Logos</Filter>
    </Image>
  </ItemGroup>
  <ItemGroup>
    <None Include="..\pepeizq%27s Cities\Package.StoreAssociation.xml" />
    <None Include="..\pepeizq%27s Cities\pepeizq%27s Cities_StoreKey.pfx" />
  </ItemGroup>
</Project>