<?xml version="1.0" encoding="utf-8"?>
<Project ToolsVersion="14.0" xmlns="http://schemas.microsoft.com/developer/msbuild/2003">
  <ItemGroup>
    <Filter Include="Data">
      <UniqueIdentifier>{6427fa63-32b5-4255-b7ee-6890d55e8175}</UniqueIdentifier>
    </Filter>
    <Filter Include="Data\GI\level0\9c">
      <UniqueIdentifier>{e6128305-aa8c-4385-a803-9e7a63e7af89}</UniqueIdentifier>
    </Filter>
    <Filter Include="Data\GI\level1\7a">
      <UniqueIdentifier>{e1c6fe08-7d17-469d-88b0-c6c5e831847b}</UniqueIdentifier>
    </Filter>
    <Filter Include="Data\il2cpp_data\etc\mono">
      <UniqueIdentifier>{0bef008a-a6a9-4b86-b54c-2b98705ca94b}</UniqueIdentifier>
    </Filter>
    <Filter Include="Data\il2cpp_data\etc\mono\2.0">
      <UniqueIdentifier>{a2ebcf54-bcea-4019-bb8f-7d46fe19c073}</UniqueIdentifier>
    </Filter>
    <Filter Include="Data\il2cpp_data\etc\mono\2.0\Browsers">
      <UniqueIdentifier>{d27e8636-3a33-4f7d-a4e1-09f358fe04f1}</UniqueIdentifier>
    </Filter>
    <Filter Include="Data\il2cpp_data\etc\mono\4.0">
      <UniqueIdentifier>{186a8b4a-971b-4091-9b08-c3613cdaff1a}</UniqueIdentifier>
    </Filter>
    <Filter Include="Data\il2cpp_data\etc\mono\4.0\Browsers">
      <UniqueIdentifier>{abe22f56-a7cd-4add-8746-27488ebf2426}</UniqueIdentifier>
    </Filter>
    <Filter Include="Data\il2cpp_data\etc\mono\4.5">
      <UniqueIdentifier>{ad79a2b1-7cca-4089-bc47-c502f61e16ac}</UniqueIdentifier>
    </Filter>
    <Filter Include="Data\il2cpp_data\etc\mono\4.5\Browsers">
      <UniqueIdentifier>{ef98e02c-93f4-4bf2-9f64-791575c1ab01}</UniqueIdentifier>
    </Filter>
    <Filter Include="Data\il2cpp_data\etc\mono\mconfig">
      <UniqueIdentifier>{1e482cb7-f717-430d-a1ec-7aba19e62203}</UniqueIdentifier>
    </Filter>
    <Filter Include="Data\il2cpp_data\Metadata">
      <UniqueIdentifier>{ee0c3385-98b1-421d-98f4-165b3e819f80}</UniqueIdentifier>
    </Filter>
    <Filter Include="Data\il2cpp_data\Resources">
      <UniqueIdentifier>{9e837325-563a-4a2f-94fd-1587d6e6d3c4}</UniqueIdentifier>
    </Filter>
    <Filter Include="Data\Resources">
      <UniqueIdentifier>{ed4b1af2-651e-4d79-878a-1655cdd5222b}</UniqueIdentifier>
    </Filter>
    <Filter Include="Data\GI\level0">
      <UniqueIdentifier>{5fa2bb00-9b5d-469d-b2ac-83fa0c0bcea1}</UniqueIdentifier>
    </Filter>
    <Filter Include="Data\GI">
      <UniqueIdentifier>{ba7dacd7-1eee-4a09-8a17-36e3fd874743}</UniqueIdentifier>
    </Filter>
    <Filter Include="Data\GI\level1">
      <UniqueIdentifier>{b37d5d5c-fd24-4f61-aa28-293c397cc777}</UniqueIdentifier>
    </Filter>
    <Filter Include="Data\il2cpp_data\etc">
      <UniqueIdentifier>{a759cd21-6e77-4cfb-a052-7a5304603d30}</UniqueIdentifier>
    </Filter>
    <Filter Include="Data\il2cpp_data">
      <UniqueIdentifier>{2ab0d0e1-2dad-4a22-bd55-e86f6239e62c}</UniqueIdentifier>
    </Filter>
    <Resource Include="$(MSBuildThisFileDirectory)Resource.res" />
    <None Include="$(MSBuildThisFileDirectory)StoreManifest.xml" />
    <ClCompile Include="$(MSBuildThisFileDirectory)UnityGenerated.cpp" />
    <ClInclude Include="$(MSBuildThisFileDirectory)UnityGenerated.h" />
    <None Include="$(MSBuildThisFileDirectory)Data\boot.config">
      <Filter>Data</Filter>
    </None>
    <None Include="$(MSBuildThisFileDirectory)Data\globalgamemanagers">
      <Filter>Data</Filter>
    </None>
    <None Include="$(MSBuildThisFileDirectory)Data\globalgamemanagers.assets">
      <Filter>Data</Filter>
    </None>
    <None Include="$(MSBuildThisFileDirectory)Data\level0">
      <Filter>Data</Filter>
    </None>
    <None Include="$(MSBuildThisFileDirectory)Data\level0.resS">
      <Filter>Data</Filter>
    </None>
    <None Include="$(MSBuildThisFileDirectory)Data\level1">
      <Filter>Data</Filter>
    </None>
    <None Include="$(MSBuildThisFileDirectory)Data\level1.resS">
      <Filter>Data</Filter>
    </None>
    <None Include="$(MSBuildThisFileDirectory)Data\sharedassets0.assets">
      <Filter>Data</Filter>
    </None>
    <None Include="$(MSBuildThisFileDirectory)Data\sharedassets0.assets.resS">
      <Filter>Data</Filter>
    </None>
    <None Include="$(MSBuildThisFileDirectory)Data\sharedassets0.resource">
      <Filter>Data</Filter>
    </None>
    <None Include="$(MSBuildThisFileDirectory)Data\sharedassets1.assets">
      <Filter>Data</Filter>
    </None>
    <None Include="$(MSBuildThisFileDirectory)Data\sharedassets1.assets.resS">
      <Filter>Data</Filter>
    </None>
    <None Include="$(MSBuildThisFileDirectory)Data\sharedassets1.resource">
      <Filter>Data</Filter>
    </None>
    <None Include="$(MSBuildThisFileDirectory)Data\GI\level0\9c\9ce42ddf2c5fb4d58f65f503d2bbc1f9.caw">
      <Filter>Data\GI\level0\9c</Filter>
    </None>
    <None Include="$(MSBuildThisFileDirectory)Data\GI\level0\9c\9ce42ddf2c5fb4d58f65f503d2bbc1f9.ecm">
      <Filter>Data\GI\level0\9c</Filter>
    </None>
    <None Include="$(MSBuildThisFileDirectory)Data\GI\level0\9c\9ce42ddf2c5fb4d58f65f503d2bbc1f9.iws.sse">
      <Filter>Data\GI\level0\9c</Filter>
    </None>
    <None Include="$(MSBuildThisFileDirectory)Data\GI\level0\9c\9ce42ddf2c5fb4d58f65f503d2bbc1f9.rgb">
      <Filter>Data\GI\level0\9c</Filter>
    </None>
    <None Include="$(MSBuildThisFileDirectory)Data\GI\level0\9c\9ce42ddf2c5fb4d58f65f503d2bbc1f9.rsc.sse">
      <Filter>Data\GI\level0\9c</Filter>
    </None>
    <None Include="$(MSBuildThisFileDirectory)Data\GI\level0\9c\9ce42ddf2c5fb4d58f65f503d2bbc1f9.vis">
      <Filter>Data\GI\level0\9c</Filter>
    </None>
    <None Include="$(MSBuildThisFileDirectory)Data\GI\level1\7a\7a9b2e0bb8d2853c037f7d871fd603bb.caw">
      <Filter>Data\GI\level1\7a</Filter>
    </None>
    <None Include="$(MSBuildThisFileDirectory)Data\GI\level1\7a\7a9b2e0bb8d2853c037f7d871fd603bb.ecm">
      <Filter>Data\GI\level1\7a</Filter>
    </None>
    <None Include="$(MSBuildThisFileDirectory)Data\GI\level1\7a\7a9b2e0bb8d2853c037f7d871fd603bb.iws.sse">
      <Filter>Data\GI\level1\7a</Filter>
    </None>
    <None Include="$(MSBuildThisFileDirectory)Data\GI\level1\7a\7a9b2e0bb8d2853c037f7d871fd603bb.rgb">
      <Filter>Data\GI\level1\7a</Filter>
    </None>
    <None Include="$(MSBuildThisFileDirectory)Data\GI\level1\7a\7a9b2e0bb8d2853c037f7d871fd603bb.rsc.sse">
      <Filter>Data\GI\level1\7a</Filter>
    </None>
    <None Include="$(MSBuildThisFileDirectory)Data\GI\level1\7a\7a9b2e0bb8d2853c037f7d871fd603bb.vis">
      <Filter>Data\GI\level1\7a</Filter>
    </None>
    <None Include="$(MSBuildThisFileDirectory)Data\il2cpp_data\etc\mono\browscap.ini">
      <Filter>Data\il2cpp_data\etc\mono</Filter>
    </None>
    <None Include="$(MSBuildThisFileDirectory)Data\il2cpp_data\etc\mono\config">
      <Filter>Data\il2cpp_data\etc\mono</Filter>
    </None>
    <None Include="$(MSBuildThisFileDirectory)Data\il2cpp_data\etc\mono\2.0\DefaultWsdlHelpGenerator.aspx">
      <Filter>Data\il2cpp_data\etc\mono\2.0</Filter>
    </None>
    <None Include="$(MSBuildThisFileDirectory)Data\il2cpp_data\etc\mono\2.0\machine.config">
      <Filter>Data\il2cpp_data\etc\mono\2.0</Filter>
    </None>
    <None Include="$(MSBuildThisFileDirectory)Data\il2cpp_data\etc\mono\2.0\settings.map">
      <Filter>Data\il2cpp_data\etc\mono\2.0</Filter>
    </None>
    <None Include="$(MSBuildThisFileDirectory)Data\il2cpp_data\etc\mono\2.0\web.config">
      <Filter>Data\il2cpp_data\etc\mono\2.0</Filter>
    </None>
    <None Include="$(MSBuildThisFileDirectory)Data\il2cpp_data\etc\mono\2.0\Browsers\Compat.browser">
      <Filter>Data\il2cpp_data\etc\mono\2.0\Browsers</Filter>
    </None>
    <None Include="$(MSBuildThisFileDirectory)Data\il2cpp_data\etc\mono\4.0\DefaultWsdlHelpGenerator.aspx">
      <Filter>Data\il2cpp_data\etc\mono\4.0</Filter>
    </None>
    <None Include="$(MSBuildThisFileDirectory)Data\il2cpp_data\etc\mono\4.0\machine.config">
      <Filter>Data\il2cpp_data\etc\mono\4.0</Filter>
    </None>
    <None Include="$(MSBuildThisFileDirectory)Data\il2cpp_data\etc\mono\4.0\settings.map">
      <Filter>Data\il2cpp_data\etc\mono\4.0</Filter>
    </None>
    <None Include="$(MSBuildThisFileDirectory)Data\il2cpp_data\etc\mono\4.0\web.config">
      <Filter>Data\il2cpp_data\etc\mono\4.0</Filter>
    </None>
    <None Include="$(MSBuildThisFileDirectory)Data\il2cpp_data\etc\mono\4.0\Browsers\Compat.browser">
      <Filter>Data\il2cpp_data\etc\mono\4.0\Browsers</Filter>
    </None>
    <None Include="$(MSBuildThisFileDirectory)Data\il2cpp_data\etc\mono\4.5\DefaultWsdlHelpGenerator.aspx">
      <Filter>Data\il2cpp_data\etc\mono\4.5</Filter>
    </None>
    <None Include="$(MSBuildThisFileDirectory)Data\il2cpp_data\etc\mono\4.5\machine.config">
      <Filter>Data\il2cpp_data\etc\mono\4.5</Filter>
    </None>
    <None Include="$(MSBuildThisFileDirectory)Data\il2cpp_data\etc\mono\4.5\settings.map">
      <Filter>Data\il2cpp_data\etc\mono\4.5</Filter>
    </None>
    <None Include="$(MSBuildThisFileDirectory)Data\il2cpp_data\etc\mono\4.5\web.config">
      <Filter>Data\il2cpp_data\etc\mono\4.5</Filter>
    </None>
    <None Include="$(MSBuildThisFileDirectory)Data\il2cpp_data\etc\mono\4.5\Browsers\Compat.browser">
      <Filter>Data\il2cpp_data\etc\mono\4.5\Browsers</Filter>
    </None>
    <None Include="$(MSBuildThisFileDirectory)Data\il2cpp_data\etc\mono\mconfig\config.xml">
      <Filter>Data\il2cpp_data\etc\mono\mconfig</Filter>
    </None>
    <None Include="$(MSBuildThisFileDirectory)Data\il2cpp_data\Metadata\global-metadata.dat">
      <Filter>Data\il2cpp_data\Metadata</Filter>
    </None>
    <None Include="$(MSBuildThisFileDirectory)Data\il2cpp_data\Resources\I18N.CJK.dll-resources.dat">
      <Filter>Data\il2cpp_data\Resources</Filter>
    </None>
    <None Include="$(MSBuildThisFileDirectory)Data\il2cpp_data\Resources\mscorlib.dll-resources.dat">
      <Filter>Data\il2cpp_data\Resources</Filter>
    </None>
    <None Include="$(MSBuildThisFileDirectory)Data\Resources\unity default resources">
      <Filter>Data\Resources</Filter>
    </None>
    <None Include="$(MSBuildThisFileDirectory)Data\Resources\unity_builtin_extra">
      <Filter>Data\Resources</Filter>
    </None>
  </ItemGroup>
  <ItemGroup>
    <None Include="$(OutDir)GameAssembly.dll" />
    <None Include="$(OutDir)GameAssembly.pdb" />
  </ItemGroup>
</Project>